
Microsoft Visual Studio Solution File, Format Version 12.00
# Visual Studio Version 17
VisualStudioVersion = 17.4.33213.308
MinimumVisualStudioVersion = 10.0.40219.1
Project("{FAE04EC0-301F-11D3-BF4B-00C04F79EFBC}") = "AslinCueva", "AslinCueva\AslinCueva.csproj", "{8AA44D9C-3BE9-444C-AB67-85637C05E059}"
EndProject
Global
	GlobalSection(SolutionConfigurationPlatforms) = preSolution
		Debug|Any CPU = Debug|Any CPU
		Release|Any CPU = Release|Any CPU
	EndGlobalSection
	GlobalSection(ProjectConfigurationPlatforms) = postSolution
		{8AA44D9C-3BE9-444C-AB67-85637C05E059}.Debug|Any CPU.ActiveCfg = Debug|Any CPU
		{8AA44D9C-3BE9-444C-AB67-85637C05E059}.Debug|Any CPU.Build.0 = Debug|Any CPU
		{8AA44D9C-3BE9-444C-AB67-85637C05E059}.Release|Any CPU.ActiveCfg = Release|Any CPU
		{8AA44D9C-3BE9-444C-AB67-85637C05E059}.Release|Any CPU.Build.0 = Release|Any CPU
	EndGlobalSection
	GlobalSection(SolutionProperties) = preSolution
		HideSolutionNode = FALSE
	EndGlobalSection
	GlobalSection(ExtensibilityGlobals) = postSolution
		SolutionGuid = {B699B67B-618B-4156-8B48-1D5AD25506B6}
	EndGlobalSection
EndGlobal
